
Microsoft Visual Studio Solution File, Format Version 12.00
# Visual Studio 15
VisualStudioVersion = 15.0.27703.2047
MinimumVisualStudioVersion = 10.0.40219.1
Project("{FAE04EC0-301F-11D3-BF4B-00C04F79EFBC}") = "WeatherApp.Android", "WeatherApp\WeatherApp.Android\WeatherApp.Android.csproj", "{FFCB9BA1-79E2-494D-AC2A-DEB63BDB06BB}"
EndProject
Project("{FAE04EC0-301F-11D3-BF4B-00C04F79EFBC}") = "WeatherApp.iOS", "WeatherApp\WeatherApp.iOS\WeatherApp.iOS.csproj", "{16746CDC-832A-4ABB-B542-58C2C8A10534}"
EndProject
Project("{D954291E-2A0B-460D-934E-DC6B0785DB48}") = "WeatherApp", "WeatherApp\WeatherApp\WeatherApp.shproj", "{DA4687BE-D138-4366-93C3-96D6BA3F372C}"
EndProject
Global
	GlobalSection(SharedMSBuildProjectFiles) = preSolution
		WeatherApp\WeatherApp\WeatherApp.projitems*{16746cdc-832a-4abb-b542-58c2c8a10534}*SharedItemsImports = 4
		WeatherApp\WeatherApp\WeatherApp.projitems*{da4687be-d138-4366-93c3-96d6ba3f372c}*SharedItemsImports = 13
		WeatherApp\WeatherApp\WeatherApp.projitems*{ffcb9ba1-79e2-494d-ac2a-deb63bdb06bb}*SharedItemsImports = 4
	EndGlobalSection
	GlobalSection(SolutionConfigurationPlatforms) = preSolution
		Ad-Hoc|Any CPU = Ad-Hoc|Any CPU
		Ad-Hoc|iPhone = Ad-Hoc|iPhone
		Ad-Hoc|iPhoneSimulator = Ad-Hoc|iPhoneSimulator
		AppStore|Any CPU = AppStore|Any CPU
		AppStore|iPhone = AppStore|iPhone
		AppStore|iPhoneSimulator = AppStore|iPhoneSimulator
		Debug|Any CPU = Debug|Any CPU
		Debug|iPhone = Debug|iPhone
		Debug|iPhoneSimulator = Debug|iPhoneSimulator
		Release|Any CPU = Release|Any CPU
		Release|iPhone = Release|iPhone
		Release|iPhoneSimulator = Release|iPhoneSimulator
	EndGlobalSection
	GlobalSection(ProjectConfigurationPlatforms) = postSolution
		{FFCB9BA1-79E2-494D-AC2A-DEB63BDB06BB}.Ad-Hoc|Any CPU.ActiveCfg = Release|Any CPU
		{FFCB9BA1-79E2-494D-AC2A-DEB63BDB06BB}.Ad-Hoc|Any CPU.Build.0 = Release|Any CPU
		{FFCB9BA1-79E2-494D-AC2A-DEB63BDB06BB}.Ad-Hoc|Any CPU.Deploy.0 = Release|Any CPU
		{FFCB9BA1-79E2-494D-AC2A-DEB63BDB06BB}.Ad-Hoc|iPhone.ActiveCfg = Release|Any CPU
		{FFCB9BA1-79E2-494D-AC2A-DEB63BDB06BB}.Ad-Hoc|iPhone.Build.0 = Release|Any CPU
		{FFCB9BA1-79E2-494D-AC2A-DEB63BDB06BB}.Ad-Hoc|iPhone.Deploy.0 = Release|Any CPU
		{FFCB9BA1-79E2-494D-AC2A-DEB63BDB06BB}.Ad-Hoc|iPhoneSimulator.ActiveCfg = Release|Any CPU
		{FFCB9BA1-79E2-494D-AC2A-DEB63BDB06BB}.Ad-Hoc|iPhoneSimulator.Build.0 = Release|Any CPU
		{FFCB9BA1-79E2-494D-AC2A-DEB63BDB06BB}.Ad-Hoc|iPhoneSimulator.Deploy.0 = Release|Any CPU
		{FFCB9BA1-79E2-494D-AC2A-DEB63BDB06BB}.AppStore|Any CPU.ActiveCfg = Release|Any CPU
		{FFCB9BA1-79E2-494D-AC2A-DEB63BDB06BB}.AppStore|Any CPU.Build.0 = Release|Any CPU
		{FFCB9BA1-79E2-494D-AC2A-DEB63BDB06BB}.AppStore|Any CPU.Deploy.0 = Release|Any CPU
		{FFCB9BA1-79E2-494D-AC2A-DEB63BDB06BB}.AppStore|iPhone.ActiveCfg = Release|Any CPU
		{FFCB9BA1-79E2-494D-AC2A-DEB63BDB06BB}.AppStore|iPhone.Build.0 = Release|Any CPU
		{FFCB9BA1-79E2-494D-AC2A-DEB63BDB06BB}.AppStore|iPhone.Deploy.0 = Release|Any CPU
		{FFCB9BA1-79E2-494D-AC2A-DEB63BDB06BB}.AppStore|iPhoneSimulator.ActiveCfg = Release|Any CPU
		{FFCB9BA1-79E2-494D-AC2A-DEB63BDB06BB}.AppStore|iPhoneSimulator.Build.0 = Release|Any CPU
		{FFCB9BA1-79E2-494D-AC2A-DEB63BDB06BB}.AppStore|iPhoneSimulator.Deploy.0 = Release|Any CPU
		{FFCB9BA1-79E2-494D-AC2A-DEB63BDB06BB}.Debug|Any CPU.ActiveCfg = Debug|Any CPU
		{FFCB9BA1-79E2-494D-AC2A-DEB63BDB06BB}.Debug|Any CPU.Build.0 = Debug|Any CPU
		{FFCB9BA1-79E2-494D-AC2A-DEB63BDB06BB}.Debug|Any CPU.Deploy.0 = Debug|Any CPU
		{FFCB9BA1-79E2-494D-AC2A-DEB63BDB06BB}.Debug|iPhone.ActiveCfg = Debug|Any CPU
		{FFCB9BA1-79E2-494D-AC2A-DEB63BDB06BB}.Debug|iPhone.Build.0 = Debug|Any CPU
		{FFCB9BA1-79E2-494D-AC2A-DEB63BDB06BB}.Debug|iPhone.Deploy.0 = Debug|Any CPU
		{FFCB9BA1-79E2-494D-AC2A-DEB63BDB06BB}.Debug|iPhoneSimulator.ActiveCfg = Debug|Any CPU
		{FFCB9BA1-79E2-494D-AC2A-DEB63BDB06BB}.Debug|iPhoneSimulator.Build.0 = Debug|Any CPU
		{FFCB9BA1-79E2-494D-AC2A-DEB63BDB06BB}.Debug|iPhoneSimulator.Deploy.0 = Debug|Any CPU
		{FFCB9BA1-79E2-494D-AC2A-DEB63BDB06BB}.Release|Any CPU.ActiveCfg = Release|Any CPU
		{FFCB9BA1-79E2-494D-AC2A-DEB63BDB06BB}.Release|Any CPU.Build.0 = Release|Any CPU
		{FFCB9BA1-79E2-494D-AC2A-DEB63BDB06BB}.Release|Any CPU.Deploy.0 = Release|Any CPU
		{FFCB9BA1-79E2-494D-AC2A-DEB63BDB06BB}.Release|iPhone.ActiveCfg = Release|Any CPU
		{FFCB9BA1-79E2-494D-AC2A-DEB63BDB06BB}.Release|iPhone.Build.0 = Release|Any CPU
		{FFCB9BA1-79E2-494D-AC2A-DEB63BDB06BB}.Release|iPhone.Deploy.0 = Release|Any CPU
		{FFCB9BA1-79E2-494D-AC2A-DEB63BDB06BB}.Release|iPhoneSimulator.ActiveCfg = Release|Any CPU
		{FFCB9BA1-79E2-494D-AC2A-DEB63BDB06BB}.Release|iPhoneSimulator.Build.0 = Release|Any CPU
		{FFCB9BA1-79E2-494D-AC2A-DEB63BDB06BB}.Release|iPhoneSimulator.Deploy.0 = Release|Any CPU
		{16746CDC-832A-4ABB-B542-58C2C8A10534}.Ad-Hoc|Any CPU.ActiveCfg = Ad-Hoc|iPhone
		{16746CDC-832A-4ABB-B542-58C2C8A10534}.Ad-Hoc|Any CPU.Build.0 = Ad-Hoc|iPhone
		{16746CDC-832A-4ABB-B542-58C2C8A10534}.Ad-Hoc|Any CPU.Deploy.0 = Ad-Hoc|iPhone
		{16746CDC-832A-4ABB-B542-58C2C8A10534}.Ad-Hoc|iPhone.ActiveCfg = Ad-Hoc|iPhone
		{16746CDC-832A-4ABB-B542-58C2C8A10534}.Ad-Hoc|iPhone.Build.0 = Ad-Hoc|iPhone
		{16746CDC-832A-4ABB-B542-58C2C8A10534}.Ad-Hoc|iPhone.Deploy.0 = Ad-Hoc|iPhone
		{16746CDC-832A-4ABB-B542-58C2C8A10534}.Ad-Hoc|iPhoneSimulator.ActiveCfg = Ad-Hoc|iPhoneSimulator
		{16746CDC-832A-4ABB-B542-58C2C8A10534}.Ad-Hoc|iPhoneSimulator.Build.0 = Ad-Hoc|iPhoneSimulator
		{16746CDC-832A-4ABB-B542-58C2C8A10534}.Ad-Hoc|iPhoneSimulator.Deploy.0 = Ad-Hoc|iPhoneSimulator
		{16746CDC-832A-4ABB-B542-58C2C8A10534}.AppStore|Any CPU.ActiveCfg = AppStore|iPhone
		{16746CDC-832A-4ABB-B542-58C2C8A10534}.AppStore|Any CPU.Build.0 = AppStore|iPhone
		{16746CDC-832A-4ABB-B542-58C2C8A10534}.AppStore|Any CPU.Deploy.0 = AppStore|iPhone
		{16746CDC-832A-4ABB-B542-58C2C8A10534}.AppStore|iPhone.ActiveCfg = AppStore|iPhone
		{16746CDC-832A-4ABB-B542-58C2C8A10534}.AppStore|iPhone.Build.0 = AppStore|iPhone
		{16746CDC-832A-4ABB-B542-58C2C8A10534}.AppStore|iPhone.Deploy.0 = AppStore|iPhone
		{16746CDC-832A-4ABB-B542-58C2C8A10534}.AppStore|iPhoneSimulator.ActiveCfg = AppStore|iPhoneSimulator
		{16746CDC-832A-4ABB-B542-58C2C8A10534}.AppStore|iPhoneSimulator.Build.0 = AppStore|iPhoneSimulator
		{16746CDC-832A-4ABB-B542-58C2C8A10534}.AppStore|iPhoneSimulator.Deploy.0 = AppStore|iPhoneSimulator
		{16746CDC-832A-4ABB-B542-58C2C8A10534}.Debug|Any CPU.ActiveCfg = Debug|iPhoneSimulator
		{16746CDC-832A-4ABB-B542-58C2C8A10534}.Debug|Any CPU.Build.0 = Debug|iPhoneSimulator
		{16746CDC-832A-4ABB-B542-58C2C8A10534}.Debug|Any CPU.Deploy.0 = Debug|iPhoneSimulator
		{16746CDC-832A-4ABB-B542-58C2C8A10534}.Debug|iPhone.ActiveCfg = Debug|iPhone
		{16746CDC-832A-4ABB-B542-58C2C8A10534}.Debug|iPhone.Build.0 = Debug|iPhone
		{16746CDC-832A-4ABB-B542-58C2C8A10534}.Debug|iPhone.Deploy.0 = Debug|iPhone
		{16746CDC-832A-4ABB-B542-58C2C8A10534}.Debug|iPhoneSimulator.ActiveCfg = Debug|iPhoneSimulator
		{16746CDC-832A-4ABB-B542-58C2C8A10534}.Debug|iPhoneSimulator.Build.0 = Debug|iPhoneSimulator
		{16746CDC-832A-4ABB-B542-58C2C8A10534}.Debug|iPhoneSimulator.Deploy.0 = Debug|iPhoneSimulator
		{16746CDC-832A-4ABB-B542-58C2C8A10534}.Release|Any CPU.ActiveCfg = Release|iPhone
		{16746CDC-832A-4ABB-B542-58C2C8A10534}.Release|Any CPU.Build.0 = Release|iPhone
		{16746CDC-832A-4ABB-B542-58C2C8A10534}.Release|Any CPU.Deploy.0 = Release|iPhone
		{16746CDC-832A-4ABB-B542-58C2C8A10534}.Release|iPhone.ActiveCfg = Release|iPhone
		{16746CDC-832A-4ABB-B542-58C2C8A10534}.Release|iPhone.Build.0 = Release|iPhone
		{16746CDC-832A-4ABB-B542-58C2C8A10534}.Release|iPhone.Deploy.0 = Release|iPhone
		{16746CDC-832A-4ABB-B542-58C2C8A10534}.Release|iPhoneSimulator.ActiveCfg = Release|iPhoneSimulator
		{16746CDC-832A-4ABB-B542-58C2C8A10534}.Release|iPhoneSimulator.Build.0 = Release|iPhoneSimulator
		{16746CDC-832A-4ABB-B542-58C2C8A10534}.Release|iPhoneSimulator.Deploy.0 = Release|iPhoneSimulator
	EndGlobalSection
	GlobalSection(SolutionProperties) = preSolution
		HideSolutionNode = FALSE
	EndGlobalSection
	GlobalSection(ExtensibilityGlobals) = postSolution
		SolutionGuid = {0994B240-6E24-4243-A046-F97432B08AC3}
	EndGlobalSection
EndGlobal
